
Microsoft Visual Studio Solution File, Format Version 12.00
# Visual Studio Version 16
VisualStudioVersion = 16.0.31005.135
MinimumVisualStudioVersion = 10.0.40219.1
Project("{FAE04EC0-301F-11D3-BF4B-00C04F79EFBC}") = "RollD20", "RollD20\RollD20.csproj", "{B7AF490C-86F8-46B4-9B84-825A3569A811}"
EndProject
Global
	GlobalSection(SolutionConfigurationPlatforms) = preSolution
		Debug|Any CPU = Debug|Any CPU
		Release|Any CPU = Release|Any CPU
	EndGlobalSection
	GlobalSection(ProjectConfigurationPlatforms) = postSolution
		{B7AF490C-86F8-46B4-9B84-825A3569A811}.Debug|Any CPU.ActiveCfg = Debug|Any CPU
		{B7AF490C-86F8-46B4-9B84-825A3569A811}.Debug|Any CPU.Build.0 = Debug|Any CPU
		{B7AF490C-86F8-46B4-9B84-825A3569A811}.Release|Any CPU.ActiveCfg = Release|Any CPU
		{B7AF490C-86F8-46B4-9B84-825A3569A811}.Release|Any CPU.Build.0 = Release|Any CPU
	EndGlobalSection
	GlobalSection(SolutionProperties) = preSolution
		HideSolutionNode = FALSE
	EndGlobalSection
	GlobalSection(ExtensibilityGlobals) = postSolution
		SolutionGuid = {7ACCAD9E-CBF7-4E71-91D4-3B8F2F408AFD}
	EndGlobalSection
EndGlobal
